
Microsoft Visual Studio Solution File, Format Version 12.00
# Visual Studio Version 16
VisualStudioVersion = 16.0.32901.82
MinimumVisualStudioVersion = 10.0.40219.1
Project("{FAE04EC0-301F-11D3-BF4B-00C04F79EFBC}") = "PictureBox", "PictureBox\PictureBox.csproj", "{5C127593-2B2C-4A67-949A-7776EF9E2577}"
EndProject
Global
	GlobalSection(SolutionConfigurationPlatforms) = preSolution
		Debug|Any CPU = Debug|Any CPU
		Release|Any CPU = Release|Any CPU
	EndGlobalSection
	GlobalSection(ProjectConfigurationPlatforms) = postSolution
		{5C127593-2B2C-4A67-949A-7776EF9E2577}.Debug|Any CPU.ActiveCfg = Debug|Any CPU
		{5C127593-2B2C-4A67-949A-7776EF9E2577}.Debug|Any CPU.Build.0 = Debug|Any CPU
		{5C127593-2B2C-4A67-949A-7776EF9E2577}.Release|Any CPU.ActiveCfg = Release|Any CPU
		{5C127593-2B2C-4A67-949A-7776EF9E2577}.Release|Any CPU.Build.0 = Release|Any CPU
	EndGlobalSection
	GlobalSection(SolutionProperties) = preSolution
		HideSolutionNode = FALSE
	EndGlobalSection
	GlobalSection(ExtensibilityGlobals) = postSolution
		SolutionGuid = {1A3CF4BF-9015-428F-B3CC-D880C11DE333}
	EndGlobalSection
EndGlobal
